schema: '2.0'
stages:
  download_raw_data:
    cmd: python3 -m person_image_segmentation.pipelines.download_raw_data
    deps:
    - path: person_image_segmentation/config.py
      hash: md5
      md5: c65d52cabd49bcdc26e49c701550b13a
      size: 1245
    - path: person_image_segmentation/pipelines/download_raw_data.py
      hash: md5
      md5: 71d6cf6f0d67f0e168ddbce4c3981ca5
      size: 1556
    - path: person_image_segmentation/utils/dataset_utils.py
      hash: md5
      md5: d746d21ddad9e96ffbd2baaddda0d064
      size: 6992
    outs:
    - path: data/raw/dataset_person-yolos/data/images
      hash: md5
      md5: 3dfdc49f5546ce7f914a679ad073e4c1.dir
      size: 296250886
      nfiles: 5000
    - path: data/raw/dataset_person-yolos/data/masks
      hash: md5
      md5: aea06a58b327f00c3d8e4a327bb11625.dir
      size: 15018109
      nfiles: 5000
    - path: data/raw/dataset_person-yolos/test/images
      hash: md5
      md5: aa3ef33c4e3d7f88725ce5fa8983c873.dir
      size: 27439626
      nfiles: 469
  split_data:
    cmd: python3 -m person_image_segmentation.pipelines.split_data
    deps:
    - path: data/raw/dataset_person-yolos/data/images
      hash: md5
      md5: 3dfdc49f5546ce7f914a679ad073e4c1.dir
      size: 296250886
      nfiles: 5000
    - path: data/raw/dataset_person-yolos/data/masks
      hash: md5
      md5: aea06a58b327f00c3d8e4a327bb11625.dir
      size: 15018109
      nfiles: 5000
    - path: person_image_segmentation/config.py
      hash: md5
      md5: c65d52cabd49bcdc26e49c701550b13a
      size: 1245
    - path: person_image_segmentation/pipelines/split_data.py
      hash: md5
      md5: e4ec1e5a9050848b840086d0f0acc1d8
      size: 1623
    - path: person_image_segmentation/utils/dataset_utils.py
      hash: md5
      md5: d746d21ddad9e96ffbd2baaddda0d064
      size: 6992
    outs:
    - path: data/interim/splitted/images/test
      hash: md5
      md5: 5059e61a127d58534aeea9f02346915f.dir
      size: 43845881
      nfiles: 750
    - path: data/interim/splitted/images/train
      hash: md5
      md5: 54996c41c37d7b56eb4cdba5507d973e.dir
      size: 208197995
      nfiles: 3500
    - path: data/interim/splitted/images/val
      hash: md5
      md5: 5e339705d57e130a46a826eda4687247.dir
      size: 44207010
      nfiles: 750
    - path: data/interim/splitted/masks/test
      hash: md5
      md5: 7bfbd2a5af4530f9ca765fe2af073e7c.dir
      size: 2249425
      nfiles: 750
    - path: data/interim/splitted/masks/train
      hash: md5
      md5: d7c2f2e85f8f1879506d57fc016770d4.dir
      size: 10504887
      nfiles: 3500
    - path: data/interim/splitted/masks/val
      hash: md5
      md5: d2d3412cbf43b7ade5c5514952aaefbe.dir
      size: 2263797
      nfiles: 750
  transform_masks:
    cmd: python3 -m person_image_segmentation.pipelines.transform_masks
    deps:
    - path: data/interim/splitted/images/test
      hash: md5
      md5: 5059e61a127d58534aeea9f02346915f.dir
      size: 43845881
      nfiles: 750
    - path: data/interim/splitted/images/train
      hash: md5
      md5: 54996c41c37d7b56eb4cdba5507d973e.dir
      size: 208197995
      nfiles: 3500
    - path: data/interim/splitted/images/val
      hash: md5
      md5: 5e339705d57e130a46a826eda4687247.dir
      size: 44207010
      nfiles: 750
    - path: data/interim/splitted/masks/test
      hash: md5
      md5: 7bfbd2a5af4530f9ca765fe2af073e7c.dir
      size: 2249425
      nfiles: 750
    - path: data/interim/splitted/masks/train
      hash: md5
      md5: d7c2f2e85f8f1879506d57fc016770d4.dir
      size: 10504887
      nfiles: 3500
    - path: data/interim/splitted/masks/val
      hash: md5
      md5: d2d3412cbf43b7ade5c5514952aaefbe.dir
      size: 2263797
      nfiles: 750
    - path: person_image_segmentation/config.py
      hash: md5
      md5: c65d52cabd49bcdc26e49c701550b13a
      size: 1245
    - path: person_image_segmentation/pipelines/transform_masks.py
      hash: md5
      md5: 7d360e7b50629a1dbcf2386b05e95148
      size: 1571
    - path: person_image_segmentation/utils/dataset_utils.py
      hash: md5
      md5: d746d21ddad9e96ffbd2baaddda0d064
      size: 6992
    outs:
    - path: data/interim/transformed/images/test
      hash: md5
      md5: 5059e61a127d58534aeea9f02346915f.dir
      size: 43845881
      nfiles: 750
    - path: data/interim/transformed/images/train
      hash: md5
      md5: 54996c41c37d7b56eb4cdba5507d973e.dir
      size: 208197995
      nfiles: 3500
    - path: data/interim/transformed/images/val
      hash: md5
      md5: 5e339705d57e130a46a826eda4687247.dir
      size: 44207010
      nfiles: 750
    - path: data/interim/transformed/masks/test
      hash: md5
      md5: 64f0376d75986bf8d82994ab99070cfd.dir
      size: 1137094
      nfiles: 750
    - path: data/interim/transformed/masks/train
      hash: md5
      md5: 4143211f629bfbef8605b1a1152d8bf5.dir
      size: 5315315
      nfiles: 3500
    - path: data/interim/transformed/masks/val
      hash: md5
      md5: 7235ed6f061dd83635d4ba624289467a.dir
      size: 1142016
      nfiles: 750
  create_labels:
    cmd: python3 -m person_image_segmentation.pipelines.create_labels
    deps:
    - path: data/interim/splitted/images/test
      hash: md5
      md5: 5059e61a127d58534aeea9f02346915f.dir
      size: 43845881
      nfiles: 750
    - path: data/interim/splitted/images/train
      hash: md5
      md5: 54996c41c37d7b56eb4cdba5507d973e.dir
      size: 208197995
      nfiles: 3500
    - path: data/interim/splitted/images/val
      hash: md5
      md5: 5e339705d57e130a46a826eda4687247.dir
      size: 44207010
      nfiles: 750
    - path: data/interim/splitted/masks/test
      hash: md5
      md5: 7bfbd2a5af4530f9ca765fe2af073e7c.dir
      size: 2249425
      nfiles: 750
    - path: data/interim/splitted/masks/train
      hash: md5
      md5: d7c2f2e85f8f1879506d57fc016770d4.dir
      size: 10504887
      nfiles: 3500
    - path: data/interim/splitted/masks/val
      hash: md5
      md5: d2d3412cbf43b7ade5c5514952aaefbe.dir
      size: 2263797
      nfiles: 750
    - path: data/interim/transformed/images/test
      hash: md5
      md5: 5059e61a127d58534aeea9f02346915f.dir
      size: 43845881
      nfiles: 750
    - path: data/interim/transformed/images/train
      hash: md5
      md5: 54996c41c37d7b56eb4cdba5507d973e.dir
      size: 208197995
      nfiles: 3500
    - path: data/interim/transformed/images/val
      hash: md5
      md5: 5e339705d57e130a46a826eda4687247.dir
      size: 44207010
      nfiles: 750
    - path: data/interim/transformed/masks/test
      hash: md5
      md5: 64f0376d75986bf8d82994ab99070cfd.dir
      size: 1137094
      nfiles: 750
    - path: data/interim/transformed/masks/train
      hash: md5
      md5: 4143211f629bfbef8605b1a1152d8bf5.dir
      size: 5315315
      nfiles: 3500
    - path: data/interim/transformed/masks/val
      hash: md5
      md5: 7235ed6f061dd83635d4ba624289467a.dir
      size: 1142016
      nfiles: 750
    - path: person_image_segmentation/config.py
      hash: md5
      md5: c65d52cabd49bcdc26e49c701550b13a
      size: 1245
    - path: person_image_segmentation/pipelines/create_labels.py
      hash: md5
      md5: 5bf240078847e337731a224e128bbba9
      size: 1627
    - path: person_image_segmentation/utils/dataset_utils.py
      hash: md5
      md5: d746d21ddad9e96ffbd2baaddda0d064
      size: 6992
    outs:
    - path: data/processed/images/test
      hash: md5
      md5: 5059e61a127d58534aeea9f02346915f.dir
      size: 43845881
      nfiles: 750
    - path: data/processed/images/train
      hash: md5
      md5: 54996c41c37d7b56eb4cdba5507d973e.dir
      size: 208197995
      nfiles: 3500
    - path: data/processed/images/val
      hash: md5
      md5: 5e339705d57e130a46a826eda4687247.dir
      size: 44207010
      nfiles: 750
    - path: data/processed/labels/test
      hash: md5
      md5: 93f342baf7c63d47d507d060b066b505.dir
      size: 13056791
      nfiles: 750
    - path: data/processed/labels/train
      hash: md5
      md5: 8c3aa084c76d8be588dee3f24bfb0153.dir
      size: 60981824
      nfiles: 3500
    - path: data/processed/labels/val
      hash: md5
      md5: ba51cf328283de7b103d4adad6fc5d17.dir
      size: 13022304
      nfiles: 750
  complete_data_folder:
    cmd: python3 -m person_image_segmentation.pipelines.complete_data_folder
    deps:
    - path: models/configs/config_hyps.yaml
      hash: md5
      md5: 05da6817f854175a91cd5c93e7f2b3fa
      size: 1064
    - path: models/configs/config_yolos.yaml
      hash: md5
      md5: af86e7ab1cf83d785677f10c7e6b9e87
      size: 317
    - path: person_image_segmentation/pipelines/complete_data_folder.py
      hash: md5
      md5: 784a9ae7f9a4329f1451edd245ffbe3f
      size: 1051
    outs:
    - path: data/config_hyps.yaml
      hash: md5
      md5: 05da6817f854175a91cd5c93e7f2b3fa
      size: 1064
    - path: data/config_yolos.yaml
      hash: md5
      md5: af86e7ab1cf83d785677f10c7e6b9e87
      size: 317
  train_model_sample:
    cmd: python3 -m person_image_segmentation.modeling.simple_train
    deps:
    - path: data/processed/images/train
      hash: md5
      md5: 54996c41c37d7b56eb4cdba5507d973e.dir
      size: 208197995
      nfiles: 3500
    - path: models/configs/config_hyps.yaml
      hash: md5
      md5: 05da6817f854175a91cd5c93e7f2b3fa
      size: 1064
    - path: models/configs/config_yolos_sample_train.yaml
      hash: md5
      md5: 7b3652cc71e25d4c55e40139d18fc0ac
      size: 292
    - path: person_image_segmentation/modeling/simple_train.py
      hash: md5
      md5: b207a2612b648e68e4fe8432fc7f0bd4
      size: 2232
    outs:
    - path: runs/segment/Sample_Train__DVC_Pipeline
      hash: md5
      md5: 1c194b95b7c0c276b8812577ab1cbfb5.dir
      size: 104625481
      nfiles: 26
    - path: yolov8m-seg.pt
      hash: md5
      md5: f4c1091abb8ef1104201072d5bbaf06d
      size: 54921020
  predict_model_sample:
    cmd: python3 -m person_image_segmentation.modeling.prediction
    deps:
    - path: data/processed/images/test
      hash: md5
      md5: 5059e61a127d58534aeea9f02346915f.dir
      size: 43845881
      nfiles: 750
    - path: models/weights_v0/best.pt
      hash: md5
      md5: f280fa61349c0c6c6c183571b83bd6f3
      size: 49567649
    - path: person_image_segmentation/modeling/prediction.py
      hash: md5
      md5: 86565182700d095cc6a3cb14aca9d40f
      size: 1891
    outs:
    - path: predictions
      hash: md5
      md5: 836e12a54ff7fae6a0f3209b149187b3.dir
      size: 106354
      nfiles: 10
  evaluate_model_sample:
    cmd: python3 -m person_image_segmentation.modeling.evaluation
    deps:
    - path: data/interim/transformed/masks/test
      hash: md5
      md5: 64f0376d75986bf8d82994ab99070cfd.dir
      size: 1137094
      nfiles: 750
    - path: data/processed/images/test
      hash: md5
      md5: 5059e61a127d58534aeea9f02346915f.dir
      size: 43845881
      nfiles: 750
    - path: predictions
      hash: md5
      md5: 836e12a54ff7fae6a0f3209b149187b3.dir
      size: 106354
      nfiles: 10
