schema: '2.0'
stages:
  download_raw_data:
    cmd: python3 -m person_image_segmentation.pipelines.download_raw_data
    deps:
    - path: person_image_segmentation/pipelines/download_raw_data.py
      hash: md5
      md5: 950d9e0d3534dea2abdbaf0e858442f3
      size: 874
    outs:
    - path: data/raw/dataset_person-yolos/data/images
      hash: md5
      md5: 3dfdc49f5546ce7f914a679ad073e4c1.dir
      size: 296250886
      nfiles: 5000
    - path: data/raw/dataset_person-yolos/data/masks
      hash: md5
      md5: aea06a58b327f00c3d8e4a327bb11625.dir
      size: 15018109
      nfiles: 5000
    - path: data/raw/dataset_person-yolos/test/images
      hash: md5
      md5: aa3ef33c4e3d7f88725ce5fa8983c873.dir
      size: 27439626
      nfiles: 469
  split_data:
    cmd: python3 -m person_image_segmentation.pipelines.split_data
    deps:
    - path: data/raw/dataset_person-yolos/data/images
      hash: md5
      md5: 3dfdc49f5546ce7f914a679ad073e4c1.dir
      size: 296250886
      nfiles: 5000
    - path: data/raw/dataset_person-yolos/data/masks
      hash: md5
      md5: aea06a58b327f00c3d8e4a327bb11625.dir
      size: 15018109
      nfiles: 5000
    - path: person_image_segmentation/pipelines/split_data.py
      hash: md5
      md5: 7f26ab3cad9477fd33e6b38822d67265
      size: 867
    outs:
    - path: data/interim/splitted/images/test
      hash: md5
      md5: d88a6e7bb2b82aa726189fcb9f716b6e.dir
      size: 44476104
      nfiles: 750
    - path: data/interim/splitted/images/train
      hash: md5
      md5: b4b8eaae646a0f6f0b884a09a44154fc.dir
      size: 208136155
      nfiles: 3500
    - path: data/interim/splitted/images/val
      hash: md5
      md5: 6abe3233bf80a9167e70a2ac691760a7.dir
      size: 43638627
      nfiles: 750
    - path: data/interim/splitted/masks/test
      hash: md5
      md5: 4f4bf015c1b4e5093cee6e64e0e88855.dir
      size: 2240754
      nfiles: 750
    - path: data/interim/splitted/masks/train
      hash: md5
      md5: a3895de01cce2795c0cd48ebf3eb41fc.dir
      size: 10555658
      nfiles: 3500
    - path: data/interim/splitted/masks/val
      hash: md5
      md5: 9be45544cb56f126e6e7d87031a8c512.dir
      size: 2221697
      nfiles: 750
